
Microsoft Visual Studio Solution File, Format Version 12.00
# Visual Studio Version 17
VisualStudioVersion = 17.2.32630.192
MinimumVisualStudioVersion = 10.0.40219.1
Project("{FAE04EC0-301F-11D3-BF4B-00C04F79EFBC}") = "TrackPlanTest", "TrackPlanTest\TrackPlanTest.csproj", "{E649719A-85D9-4687-96E7-B615389720B6}"
EndProject
Global
	GlobalSection(SolutionConfigurationPlatforms) = preSolution
		Debug|Any CPU = Debug|Any CPU
		Release|Any CPU = Release|Any CPU
	EndGlobalSection
	GlobalSection(ProjectConfigurationPlatforms) = postSolution
		{E649719A-85D9-4687-96E7-B615389720B6}.Debug|Any CPU.ActiveCfg = Debug|Any CPU
		{E649719A-85D9-4687-96E7-B615389720B6}.Debug|Any CPU.Build.0 = Debug|Any CPU
		{E649719A-85D9-4687-96E7-B615389720B6}.Release|Any CPU.ActiveCfg = Release|Any CPU
		{E649719A-85D9-4687-96E7-B615389720B6}.Release|Any CPU.Build.0 = Release|Any CPU
	EndGlobalSection
	GlobalSection(SolutionProperties) = preSolution
		HideSolutionNode = FALSE
	EndGlobalSection
	GlobalSection(ExtensibilityGlobals) = postSolution
		SolutionGuid = {FA5450A2-4ECF-4FF1-A37B-A13ECBB88355}
	EndGlobalSection
EndGlobal
